# This file is automatically @generated by Cargo.
# It is not intended for manual editing.
version = 3

[[package]]
name = "desmos"
version = "0.1.0"
dependencies = [
 "desmos-cli",
]

[[package]]
name = "desmos-cli"
version = "0.1.0"

[[package]]
name = "desmos-core"
version = "0.1.0"

[[package]]
name = "desmos-http"
version = "0.1.0"

[[package]]
name = "desmos-proto"
version = "0.1.0"

[[package]]
name = "desmos-rt"
version = "0.1.0"
dependencies = [
 "desmos-proto",
]

[[package]]
name = "desmos-webui"
version = "0.1.0"
